
Microsoft Visual Studio Solution File, Format Version 12.00
# Visual Studio Version 17
VisualStudioVersion = 17.9.34902.65
MinimumVisualStudioVersion = 10.0.40219.1
Project("{9A19103F-16F7-4668-BE54-9A1E7A4F7556}") = "CurrencyCloud.Tests", "CurrencyCloud.Tests\CurrencyCloud.Tests.csproj", "{051CB67F-AD6C-46B7-B038-0DA6C0F248BC}"
EndProject
Project("{9A19103F-16F7-4668-BE54-9A1E7A4F7556}") = "CurrencyCloud", "CurrencyCloud\CurrencyCloud.csproj", "{E2C08EFF-8A14-4C77-ABD3-C9E193AE81E8}"
EndProject
Project("{9A19103F-16F7-4668-BE54-9A1E7A4F7556}") = "ConsoleApp", "ConsoleApp\ConsoleApp.csproj", "{37FBAA6F-579F-4652-942B-29A7789C2D5D}"
EndProject
Project("{2150E333-8FDC-42A3-9474-1A3956D46DE8}") = "Solution Items", "Solution Items", "{4F7AA6EA-3BF5-4722-BBDB-B005B2B46E22}"
	ProjectSection(SolutionItems) = preProject
		Directory.Packages.props = Directory.Packages.props
		nuget.config = nuget.config
	EndProjectSection
EndProject
Global
	GlobalSection(SolutionConfigurationPlatforms) = preSolution
		Debug|Any CPU = Debug|Any CPU
		Release|Any CPU = Release|Any CPU
	EndGlobalSection
	GlobalSection(ProjectConfigurationPlatforms) = postSolution
		{051CB67F-AD6C-46B7-B038-0DA6C0F248BC}.Debug|Any CPU.ActiveCfg = Debug|Any CPU
		{051CB67F-AD6C-46B7-B038-0DA6C0F248BC}.Debug|Any CPU.Build.0 = Debug|Any CPU
		{051CB67F-AD6C-46B7-B038-0DA6C0F248BC}.Release|Any CPU.ActiveCfg = Release|Any CPU
		{051CB67F-AD6C-46B7-B038-0DA6C0F248BC}.Release|Any CPU.Build.0 = Release|Any CPU
		{E2C08EFF-8A14-4C77-ABD3-C9E193AE81E8}.Debug|Any CPU.ActiveCfg = Debug|Any CPU
		{E2C08EFF-8A14-4C77-ABD3-C9E193AE81E8}.Debug|Any CPU.Build.0 = Debug|Any CPU
		{E2C08EFF-8A14-4C77-ABD3-C9E193AE81E8}.Release|Any CPU.ActiveCfg = Release|Any CPU
		{E2C08EFF-8A14-4C77-ABD3-C9E193AE81E8}.Release|Any CPU.Build.0 = Release|Any CPU
		{37FBAA6F-579F-4652-942B-29A7789C2D5D}.Debug|Any CPU.ActiveCfg = Debug|Any CPU
		{37FBAA6F-579F-4652-942B-29A7789C2D5D}.Debug|Any CPU.Build.0 = Debug|Any CPU
		{37FBAA6F-579F-4652-942B-29A7789C2D5D}.Release|Any CPU.ActiveCfg = Release|Any CPU
		{37FBAA6F-579F-4652-942B-29A7789C2D5D}.Release|Any CPU.Build.0 = Release|Any CPU
	EndGlobalSection
	GlobalSection(SolutionProperties) = preSolution
		HideSolutionNode = FALSE
	EndGlobalSection
	GlobalSection(ExtensibilityGlobals) = postSolution
		SolutionGuid = {B43D5D24-8DA1-47A8-9B12-218098A23764}
	EndGlobalSection
EndGlobal
